
Microsoft Visual Studio Solution File, Format Version 12.00
# Visual Studio Version 16
VisualStudioVersion = 16.0.29728.190
MinimumVisualStudioVersion = 10.0.40219.1
Project("{F184B08F-C81C-45F6-A57F-5ABD9991F28F}") = "GaskSoft.Munidi.Gesrehu.Entities", "GaskSoft.Munidi.Gesrehu.Entities\GaskSoft.Munidi.Gesrehu.Entities.vbproj", "{00BAF0DF-74BC-4340-A3B9-179BAFAEC120}"
EndProject
Project("{F184B08F-C81C-45F6-A57F-5ABD9991F28F}") = "GaskSoft.Munidi.Gesrehu.Core.NetFramework", "GaskSoft.Munidi.Gesrehu.Core.NetFramework\GaskSoft.Munidi.Gesrehu.Core.NetFramework.vbproj", "{19FD05EC-1BB3-4E60-B78D-D1920A840790}"
EndProject
Project("{F184B08F-C81C-45F6-A57F-5ABD9991F28F}") = "GaskSoft.Munidi.Gesrehu.Model", "GaskSoft.Munidi.Gesrehu.Model\GaskSoft.Munidi.Gesrehu.Model.vbproj", "{00E5EC42-A90F-468F-B690-E0261C94ED95}"
EndProject
Project("{F184B08F-C81C-45F6-A57F-5ABD9991F28F}") = "GaskSoft.Munidi.Gesrehu.Entities.Test", "GaskSoft.Munidi.Gesrehu.Entities.Test\GaskSoft.Munidi.Gesrehu.Entities.Test.vbproj", "{4CBAD1DC-0F0E-4A97-A12E-A862437BC15E}"
EndProject
Project("{F184B08F-C81C-45F6-A57F-5ABD9991F28F}") = "GaskSoft.Munidi.Gesrehu.CommonHelpers", "GaskSoft.Munidi.Gesrehu.CommonHelpers\GaskSoft.Munidi.Gesrehu.CommonHelpers.vbproj", "{C3161EB4-F706-4A1A-B7C0-AED475FEE052}"
EndProject
Global
	GlobalSection(SolutionConfigurationPlatforms) = preSolution
		Debug|Any CPU = Debug|Any CPU
		Release|Any CPU = Release|Any CPU
	EndGlobalSection
	GlobalSection(ProjectConfigurationPlatforms) = postSolution
		{00BAF0DF-74BC-4340-A3B9-179BAFAEC120}.Debug|Any CPU.ActiveCfg = Debug|Any CPU
		{00BAF0DF-74BC-4340-A3B9-179BAFAEC120}.Debug|Any CPU.Build.0 = Debug|Any CPU
		{00BAF0DF-74BC-4340-A3B9-179BAFAEC120}.Release|Any CPU.ActiveCfg = Release|Any CPU
		{00BAF0DF-74BC-4340-A3B9-179BAFAEC120}.Release|Any CPU.Build.0 = Release|Any CPU
		{19FD05EC-1BB3-4E60-B78D-D1920A840790}.Debug|Any CPU.ActiveCfg = Debug|Any CPU
		{19FD05EC-1BB3-4E60-B78D-D1920A840790}.Debug|Any CPU.Build.0 = Debug|Any CPU
		{19FD05EC-1BB3-4E60-B78D-D1920A840790}.Release|Any CPU.ActiveCfg = Release|Any CPU
		{19FD05EC-1BB3-4E60-B78D-D1920A840790}.Release|Any CPU.Build.0 = Release|Any CPU
		{00E5EC42-A90F-468F-B690-E0261C94ED95}.Debug|Any CPU.ActiveCfg = Debug|Any CPU
		{00E5EC42-A90F-468F-B690-E0261C94ED95}.Debug|Any CPU.Build.0 = Debug|Any CPU
		{00E5EC42-A90F-468F-B690-E0261C94ED95}.Release|Any CPU.ActiveCfg = Release|Any CPU
		{00E5EC42-A90F-468F-B690-E0261C94ED95}.Release|Any CPU.Build.0 = Release|Any CPU
		{4CBAD1DC-0F0E-4A97-A12E-A862437BC15E}.Debug|Any CPU.ActiveCfg = Debug|Any CPU
		{4CBAD1DC-0F0E-4A97-A12E-A862437BC15E}.Debug|Any CPU.Build.0 = Debug|Any CPU
		{4CBAD1DC-0F0E-4A97-A12E-A862437BC15E}.Release|Any CPU.ActiveCfg = Release|Any CPU
		{4CBAD1DC-0F0E-4A97-A12E-A862437BC15E}.Release|Any CPU.Build.0 = Release|Any CPU
		{C3161EB4-F706-4A1A-B7C0-AED475FEE052}.Debug|Any CPU.ActiveCfg = Debug|Any CPU
		{C3161EB4-F706-4A1A-B7C0-AED475FEE052}.Debug|Any CPU.Build.0 = Debug|Any CPU
		{C3161EB4-F706-4A1A-B7C0-AED475FEE052}.Release|Any CPU.ActiveCfg = Release|Any CPU
		{C3161EB4-F706-4A1A-B7C0-AED475FEE052}.Release|Any CPU.Build.0 = Release|Any CPU
	EndGlobalSection
	GlobalSection(SolutionProperties) = preSolution
		HideSolutionNode = FALSE
	EndGlobalSection
	GlobalSection(ExtensibilityGlobals) = postSolution
		SolutionGuid = {B3DA05D7-ED9D-4774-A946-5760ED076D6C}
	EndGlobalSection
EndGlobal
